// !$*UTF8*$!
{
	archiveVersion = 1;
	classes = {
	};
	objectVersion = 56;
	objects = {

/* Begin PBXBuildFile section */
		954B4BAE2B88E35000FA64BF /* AppDelegate.swift in Sources */ = {isa = PBXBuildFile; fileRef = 954B4BAD2B88E35000FA64BF /* AppDelegate.swift */; };
		954B4BB02B88E35000FA64BF /* SceneDelegate.swift in Sources */ = {isa = PBXBuildFile; fileRef = 954B4BAF2B88E35000FA64BF /* SceneDelegate.swift */; };
		954B4BB22B88E35000FA64BF /* ViewController.swift in Sources */ = {isa = PBXBuildFile; fileRef = 954B4BB12B88E35000FA64BF /* ViewController.swift */; };
		954B4BB52B88E35000FA64BF /* Main.storyboard in Resources */ = {isa = PBXBuildFile; fileRef = 954B4BB32B88E35000FA64BF /* Main.storyboard */; };
		954B4BB72B88E35100FA64BF /* Assets.xcassets in Resources */ = {isa = PBXBuildFile; fileRef = 954B4BB62B88E35100FA64BF /* Assets.xcassets */; };
		954B4BBA2B88E35100FA64BF /* LaunchScreen.storyboard in Resources */ = {isa = PBXBuildFile; fileRef = 954B4BB82B88E35100FA64BF /* LaunchScreen.storyboard */; };
		954B4BC22B88F38200FA64BF /* Petition.swift in Sources */ = {isa = PBXBuildFile; fileRef = 954B4BC12B88F38200FA64BF /* Petition.swift */; };
		954B4BC42B88F72800FA64BF /* Petitions.swift in Sources */ = {isa = PBXBuildFile; fileRef = 954B4BC32B88F72800FA64BF /* Petitions.swift */; };
		954B4BC62B8910B000FA64BF /* DetailViewController.swift in Sources */ = {isa = PBXBuildFile; fileRef = 954B4BC52B8910B000FA64BF /* DetailViewController.swift */; };
/* End PBXBuildFile section */

/* Begin PBXFileReference section */
		954B4BAA2B88E34F00FA64BF /* Project7-WhitehousePetitions.app */ = {isa = PBXFileReference; explicitFileType = wrapper.application; includeInIndex = 0; path = "Project7-WhitehousePetitions.app"; sourceTree = BUILT_PRODUCTS_DIR; };
		954B4BAD2B88E35000FA64BF /* AppDelegate.swift */ = {isa = PBXFileReference; lastKnownFileType = sourcecode.swift; path = AppDelegate.swift; sourceTree = "<group>"; };
		954B4BAF2B88E35000FA64BF /* SceneDelegate.swift */ = {isa = PBXFileReference; lastKnownFileType = sourcecode.swift; path = SceneDelegate.swift; sourceTree = "<group>"; };
		954B4BB12B88E35000FA64BF /* ViewController.swift */ = {isa = PBXFileReference; lastKnownFileType = sourcecode.swift; path = ViewController.swift; sourceTree = "<group>"; };
		954B4BB42B88E35000FA64BF /* Base */ = {isa = PBXFileReference; lastKnownFileType = file.storyboard; name = Base; path = Base.lproj/Main.storyboard; sourceTree = "<group>"; };
		954B4BB62B88E35100FA64BF /* Assets.xcassets */ = {isa = PBXFileReference; lastKnownFileType = folder.assetcatalog; path = Assets.xcassets; sourceTree = "<group>"; };
		954B4BB92B88E35100FA64BF /* Base */ = {isa = PBXFileReference; lastKnownFileType = file.storyboard; name = Base; path = Base.lproj/LaunchScreen.storyboard; sourceTree = "<group>"; };
		954B4BBB2B88E35100FA64BF /* Info.plist */ = {isa = PBXFileReference; lastKnownFileType = text.plist.xml; path = Info.plist; sourceTree = "<group>"; };
		954B4BC12B88F38200FA64BF /* Petition.swift */ = {isa = PBXFileReference; lastKnownFileType = sourcecode.swift; path = Petition.swift; sourceTree = "<group>"; };
		954B4BC32B88F72800FA64BF /* Petitions.swift */ = {isa = PBXFileReference; lastKnownFileType = sourcecode.swift; path = Petitions.swift; sourceTree = "<group>"; };
		954B4BC52B8910B000FA64BF /* DetailViewController.swift */ = {isa = PBXFileReference; lastKnownFileType = sourcecode.swift; path = DetailViewController.swift; sourceTree = "<group>"; };
/* End PBXFileReference section */

/* Begin PBXFrameworksBuildPhase section */
		954B4BA72B88E34F00FA64BF /* Frameworks */ = {
			isa = PBXFrameworksBuildPhase;
			buildActionMask = 2147483647;
			files = (
			);
			runOnlyForDeploymentPostprocessing = 0;
		};
/* End PBXFrameworksBuildPhase section */

/* Begin PBXGroup section */
		954B4BA12B88E34F00FA64BF = {
			isa = PBXGroup;
			children = (
				954B4BAC2B88E34F00FA64BF /* Project7-WhitehousePetitions */,
				954B4BAB2B88E34F00FA64BF /* Products */,
			);
			sourceTree = "<group>";
		};
		954B4BAB2B88E34F00FA64BF /* Products */ = {
			isa = PBXGroup;
			children = (
				954B4BAA2B88E34F00FA64BF /* Project7-WhitehousePetitions.app */,
			);
			name = Products;
			sourceTree = "<group>";
		};
		954B4BAC2B88E34F00FA64BF /* Project7-WhitehousePetitions */ = {
			isa = PBXGroup;
			children = (
				954B4BAD2B88E35000FA64BF /* AppDelegate.swift */,
				954B4BC52B8910B000FA64BF /* DetailViewController.swift */,
				954B4BAF2B88E35000FA64BF /* SceneDelegate.swift */,
				954B4BB12B88E35000FA64BF /* ViewController.swift */,
				954B4BC12B88F38200FA64BF /* Petition.swift */,
				954B4BC32B88F72800FA64BF /* Petitions.swift */,
				954B4BB32B88E35000FA64BF /* Main.storyboard */,
				954B4BB62B88E35100FA64BF /* Assets.xcassets */,
				954B4BB82B88E35100FA64BF /* LaunchScreen.storyboard */,
				954B4BBB2B88E35100FA64BF /* Info.plist */,
			);
			path = "Project7-WhitehousePetitions";
			sourceTree = "<group>";
		};
/* End PBXGroup section */

/* Begin PBXNativeTarget section */
		954B4BA92B88E34F00FA64BF /* Project7-WhitehousePetitions */ = {
			isa = PBXNativeTarget;
			buildConfigurationList = 954B4BBE2B88E35100FA64BF /* Build configuration list for PBXNativeTarget "Project7-WhitehousePetitions" */;
			buildPhases = (
				954B4BA62B88E34F00FA64BF /* Sources */,
				954B4BA72B88E34F00FA64BF /* Frameworks */,
				954B4BA82B88E34F00FA64BF /* Resources */,
			);
			buildRules = (
			);
			dependencies = (
			);
			name = "Project7-WhitehousePetitions";
			productName = "Project7-WhitehousePetitions";
			productReference = 954B4BAA2B88E34F00FA64BF /* Project7-WhitehousePetitions.app */;
			productType = "com.apple.product-type.application";
		};
/* End PBXNativeTarget section */

/* Begin PBXProject section */
		954B4BA22B88E34F00FA64BF /* Project object */ = {
			isa = PBXProject;
			attributes = {
				BuildIndependentTargetsInParallel = 1;
				LastSwiftUpdateCheck = 1520;
				LastUpgradeCheck = 1520;
				TargetAttributes = {
					954B4BA92B88E34F00FA64BF = {
						CreatedOnToolsVersion = 15.2;
					};
				};
			};
			buildConfigurationList = 954B4BA52B88E34F00FA64BF /* Build configuration list for PBXProject "Project7-WhitehousePetitions" */;
			compatibilityVersion = "Xcode 14.0";
			developmentRegion = en;
			hasScannedForEncodings = 0;
			knownRegions = (
				en,
				Base,
			);
			mainGroup = 954B4BA12B88E34F00FA64BF;
			productRefGroup = 954B4BAB2B88E34F00FA64BF /* Products */;
			projectDirPath = "";
			projectRoot = "";
			targets = (
				954B4BA92B88E34F00FA64BF /* Project7-WhitehousePetitions */,
			);
		};
/* End PBXProject section */

/* Begin PBXResourcesBuildPhase section */
		954B4BA82B88E34F00FA64BF /* Resources */ = {
			isa = PBXResourcesBuildPhase;
			buildActionMask = 2147483647;
			files = (
				954B4BBA2B88E35100FA64BF /* LaunchScreen.storyboard in Resources */,
				954B4BB72B88E35100FA64BF /* Assets.xcassets in Resources */,
				954B4BB52B88E35000FA64BF /* Main.storyboard in Resources */,
			);
			runOnlyForDeploymentPostprocessing = 0;
		};
/* End PBXResourcesBuildPhase section */

/* Begin PBXSourcesBuildPhase section */
		954B4BA62B88E34F00FA64BF /* Sources */ = {
			isa = PBXSourcesBuildPhase;
			buildActionMask = 2147483647;
			files = (
				954B4BB22B88E35000FA64BF /* ViewController.swift in Sources */,
				954B4BC22B88F38200FA64BF /* Petition.swift in Sources */,
				954B4BAE2B88E35000FA64BF /* AppDelegate.swift in Sources */,
				954B4BC62B8910B000FA64BF /* DetailViewController.swift in Sources */,
				954B4BB02B88E35000FA64BF /* SceneDelegate.swift in Sources */,
				954B4BC42B88F72800FA64BF /* Petitions.swift in Sources */,
			);
			runOnlyForDeploymentPostprocessing = 0;
		};
/* End PBXSourcesBuildPhase section */

/* Begin PBXVariantGroup section */
		954B4BB32B88E35000FA64BF /* Main.storyboard */ = {
			isa = PBXVariantGroup;
			children = (
				954B4BB42B88E35000FA64BF /* Base */,
			);
			name = Main.storyboard;
			sourceTree = "<group>";
		};
		954B4BB82B88E35100FA64BF /* LaunchScreen.storyboard */ = {
			isa = PBXVariantGroup;
			children = (
				954B4BB92B88E35100FA64BF /* Base */,
			);
			name = LaunchScreen.storyboard;
			sourceTree = "<group>";
		};
/* End PBXVariantGroup section */

/* Begin XCBuildConfiguration section */
		954B4BBC2B88E35100FA64BF /* Debug */ = {
			isa = XCBuildConfiguration;
			buildSettings = {
				ALWAYS_SEARCH_USER_PATHS = NO;
				ASSETCATALOG_COMPILER_GENERATE_SWIFT_ASSET_SYMBOL_EXTENSIONS = YES;
				CLANG_ANALYZER_NONNULL = YES;
				CLANG_ANALYZER_NUMBER_OBJECT_CONVERSION = YES_AGGRESSIVE;
				CLANG_CXX_LANGUAGE_STANDARD = "gnu++20";
				CLANG_ENABLE_MODULES = YES;
				CLANG_ENABLE_OBJC_ARC = YES;
				CLANG_ENABLE_OBJC_WEAK = YES;
				CLANG_WARN_BLOCK_CAPTURE_AUTORELEASING = YES;
				CLANG_WARN_BOOL_CONVERSION = YES;
				CLANG_WARN_COMMA = YES;
				CLANG_WARN_CONSTANT_CONVERSION = YES;
				CLANG_WARN_DEPRECATED_OBJC_IMPLEMENTATIONS = YES;
				CLANG_WARN_DIRECT_OBJC_ISA_USAGE = YES_ERROR;
				CLANG_WARN_DOCUMENTATION_COMMENTS = YES;
				CLANG_WARN_EMPTY_BODY = YES;
				CLANG_WARN_ENUM_CONVERSION = YES;
				CLANG_WARN_INFINITE_RECURSION = YES;
				CLANG_WARN_INT_CONVERSION = YES;
				CLANG_WARN_NON_LITERAL_NULL_CONVERSION = YES;
				CLANG_WARN_OBJC_IMPLICIT_RETAIN_SELF = YES;
				CLANG_WARN_OBJC_LITERAL_CONVERSION = YES;
				CLANG_WARN_OBJC_ROOT_CLASS = YES_ERROR;
				CLANG_WARN_QUOTED_INCLUDE_IN_FRAMEWORK_HEADER = YES;
				CLANG_WARN_RANGE_LOOP_ANALYSIS = YES;
				CLANG_WARN_STRICT_PROTOTYPES = YES;
				CLANG_WARN_SUSPICIOUS_MOVE = YES;
				CLANG_WARN_UNGUARDED_AVAILABILITY = YES_AGGRESSIVE;
				CLANG_WARN_UNREACHABLE_CODE = YES;
				CLANG_WARN__DUPLICATE_METHOD_MATCH = YES;
				COPY_PHASE_STRIP = NO;
				DEBUG_INFORMATION_FORMAT = dwarf;
				ENABLE_STRICT_OBJC_MSGSEND = YES;
				ENABLE_TESTABILITY = YES;
				ENABLE_USER_SCRIPT_SANDBOXING = YES;
				GCC_C_LANGUAGE_STANDARD = gnu17;
				GCC_DYNAMIC_NO_PIC = NO;
				GCC_NO_COMMON_BLOCKS = YES;
				GCC_OPTIMIZATION_LEVEL = 0;
				GCC_PREPROCESSOR_DEFINITIONS = (
					"DEBUG=1",
					"$(inherited)",
				);
				GCC_WARN_64_TO_32_BIT_CONVERSION = YES;
				GCC_WARN_ABOUT_RETURN_TYPE = YES_ERROR;
				GCC_WARN_UNDECLARED_SELECTOR = YES;
				GCC_WARN_UNINITIALIZED_AUTOS = YES_AGGRESSIVE;
				GCC_WARN_UNUSED_FUNCTION = YES;
				GCC_WARN_UNUSED_VARIABLE = YES;
				IPHONEOS_DEPLOYMENT_TARGET = 17.2;
				LOCALIZATION_PREFERS_STRING_CATALOGS = YES;
				MTL_ENABLE_DEBUG_INFO = INCLUDE_SOURCE;
				MTL_FAST_MATH = YES;
				ONLY_ACTIVE_ARCH = YES;
				SDKROOT = iphoneos;
				SWIFT_ACTIVE_COMPILATION_CONDITIONS = "DEBUG $(inherited)";
				SWIFT_OPTIMIZATION_LEVEL = "-Onone";
			};
			name = Debug;
		};
		954B4BBD2B88E35100FA64BF /* Release */ = {
			isa = XCBuildConfiguration;
			buildSettings = {
				ALWAYS_SEARCH_USER_PATHS = NO;
				ASSETCATALOG_COMPILER_GENERATE_SWIFT_ASSET_SYMBOL_EXTENSIONS = YES;
				CLANG_ANALYZER_NONNULL = YES;
				CLANG_ANALYZER_NUMBER_OBJECT_CONVERSION = YES_AGGRESSIVE;
				CLANG_CXX_LANGUAGE_STANDARD = "gnu++20";
				CLANG_ENABLE_MODULES = YES;
				CLANG_ENABLE_OBJC_ARC = YES;
				CLANG_ENABLE_OBJC_WEAK = YES;
				CLANG_WARN_BLOCK_CAPTURE_AUTORELEASING = YES;
				CLANG_WARN_BOOL_CONVERSION = YES;
				CLANG_WARN_COMMA = YES;
				CLANG_WARN_CONSTANT_CONVERSION = YES;
				CLANG_WARN_DEPRECATED_OBJC_IMPLEMENTATIONS = YES;
				CLANG_WARN_DIRECT_OBJC_ISA_USAGE = YES_ERROR;
				CLANG_WARN_DOCUMENTATION_COMMENTS = YES;
				CLANG_WARN_EMPTY_BODY = YES;
				CLANG_WARN_ENUM_CONVERSION = YES;
				CLANG_WARN_INFINITE_RECURSION = YES;
				CLANG_WARN_INT_CONVERSION = YES;
				CLANG_WARN_NON_LITERAL_NULL_CONVERSION = YES;
				CLANG_WARN_OBJC_IMPLICIT_RETAIN_SELF = YES;
				CLANG_WARN_OBJC_LITERAL_CONVERSION = YES;
				CLANG_WARN_OBJC_ROOT_CLASS = YES_ERROR;
				CLANG_WARN_QUOTED_INCLUDE_IN_FRAMEWORK_HEADER = YES;
				CLANG_WARN_RANGE_LOOP_ANALYSIS = YES;
				CLANG_WARN_STRICT_PROTOTYPES = YES;
				CLANG_WARN_SUSPICIOUS_MOVE = YES;
				CLANG_WARN_UNGUARDED_AVAILABILITY = YES_AGGRESSIVE;
				CLANG_WARN_UNREACHABLE_CODE = YES;
				CLANG_WARN__DUPLICATE_METHOD_MATCH = YES;
				COPY_PHASE_STRIP = NO;
				DEBUG_INFORMATION_FORMAT = "dwarf-with-dsym";
				ENABLE_NS_ASSERTIONS = NO;
				ENABLE_STRICT_OBJC_MSGSEND = YES;
				ENABLE_USER_SCRIPT_SANDBOXING = YES;
				GCC_C_LANGUAGE_STANDARD = gnu17;
				GCC_NO_COMMON_BLOCKS = YES;
				GCC_WARN_64_TO_32_BIT_CONVERSION = YES;
				GCC_WARN_ABOUT_RETURN_TYPE = YES_ERROR;
				GCC_WARN_UNDECLARED_SELECTOR = YES;
				GCC_WARN_UNINITIALIZED_AUTOS = YES_AGGRESSIVE;
				GCC_WARN_UNUSED_FUNCTION = YES;
				GCC_WARN_UNUSED_VARIABLE = YES;
				IPHONEOS_DEPLOYMENT_TARGET = 17.2;
				LOCALIZATION_PREFERS_STRING_CATALOGS = YES;
				MTL_ENABLE_DEBUG_INFO = NO;
				MTL_FAST_MATH = YES;
				SDKROOT = iphoneos;
				SWIFT_COMPILATION_MODE = wholemodule;
				VALIDATE_PRODUCT = YES;
			};
			name = Release;
		};
		954B4BBF2B88E35100FA64BF /* Debug */ = {
			isa = XCBuildConfiguration;
			buildSettings = {
				ASSETCATALOG_COMPILER_APPICON_NAME = AppIcon;
				ASSETCATALOG_COMPILER_GLOBAL_ACCENT_COLOR_NAME = AccentColor;
				CODE_SIGN_STYLE = Automatic;
				CURRENT_PROJECT_VERSION = 1;
				DEVELOPMENT_TEAM = H9BMU2K8BB;
				GENERATE_INFOPLIST_FILE = YES;
				INFOPLIST_FILE = "Project7-WhitehousePetitions/Info.plist";
				INFOPLIST_KEY_UIApplicationSupportsIndirectInputEvents = YES;
				INFOPLIST_KEY_UILaunchStoryboardName = LaunchScreen;
				INFOPLIST_KEY_UIMainStoryboardFile = Main;
				INFOPLIST_KEY_UISupportedInterfaceOrientations_iPad = "UIInterfaceOrientationPortrait UIInterfaceOrientationPortraitUpsideDown UIInterfaceOrientationLandscapeLeft UIInterfaceOrientationLandscapeRight";
				INFOPLIST_KEY_UISupportedInterfaceOrientations_iPhone = "UIInterfaceOrientationPortrait UIInterfaceOrientationLandscapeLeft UIInterfaceOrientationLandscapeRight";
				LD_RUNPATH_SEARCH_PATHS = (
					"$(inherited)",
					"@executable_path/Frameworks",
				);
				MARKETING_VERSION = 1.0;
				PRODUCT_BUNDLE_IDENTIFIER = "com.MatteoOrru.Project7-WhitehousePetitions";
				PRODUCT_NAME = "$(TARGET_NAME)";
				SWIFT_EMIT_LOC_STRINGS = YES;
				SWIFT_VERSION = 5.0;
				TARGETED_DEVICE_FAMILY = "1,2";
			};
			name = Debug;
		};
		954B4BC02B88E35100FA64BF /* Release */ = {
			isa = XCBuildConfiguration;
			buildSettings = {
				ASSETCATALOG_COMPILER_APPICON_NAME = AppIcon;
				ASSETCATALOG_COMPILER_GLOBAL_ACCENT_COLOR_NAME = AccentColor;
				CODE_SIGN_STYLE = Automatic;
				CURRENT_PROJECT_VERSION = 1;
				DEVELOPMENT_TEAM = H9BMU2K8BB;
				GENERATE_INFOPLIST_FILE = YES;
				INFOPLIST_FILE = "Project7-WhitehousePetitions/Info.plist";
				INFOPLIST_KEY_UIApplicationSupportsIndirectInputEvents = YES;
				INFOPLIST_KEY_UILaunchStoryboardName = LaunchScreen;
				INFOPLIST_KEY_UIMainStoryboardFile = Main;
				INFOPLIST_KEY_UISupportedInterfaceOrientations_iPad = "UIInterfaceOrientationPortrait UIInterfaceOrientationPortraitUpsideDown UIInterfaceOrientationLandscapeLeft UIInterfaceOrientationLandscapeRight";
				INFOPLIST_KEY_UISupportedInterfaceOrientations_iPhone = "UIInterfaceOrientationPortrait UIInterfaceOrientationLandscapeLeft UIInterfaceOrientationLandscapeRight";
				LD_RUNPATH_SEARCH_PATHS = (
					"$(inherited)",
					"@executable_path/Frameworks",
				);
				MARKETING_VERSION = 1.0;
				PRODUCT_BUNDLE_IDENTIFIER = "com.MatteoOrru.Project7-WhitehousePetitions";
				PRODUCT_NAME = "$(TARGET_NAME)";
				SWIFT_EMIT_LOC_STRINGS = YES;
				SWIFT_VERSION = 5.0;
				TARGETED_DEVICE_FAMILY = "1,2";
			};
			name = Release;
		};
/* End XCBuildConfiguration section */

/* Begin XCConfigurationList section */
		954B4BA52B88E34F00FA64BF /* Build configuration list for PBXProject "Project7-WhitehousePetitions" */ = {
			isa = XCConfigurationList;
			buildConfigurations = (
				954B4BBC2B88E35100FA64BF /* Debug */,
				954B4BBD2B88E35100FA64BF /* Release */,
			);
			defaultConfigurationIsVisible = 0;
			defaultConfigurationName = Release;
		};
		954B4BBE2B88E35100FA64BF /* Build configuration list for PBXNativeTarget "Project7-WhitehousePetitions" */ = {
			isa = XCConfigurationList;
			buildConfigurations = (
				954B4BBF2B88E35100FA64BF /* Debug */,
				954B4BC02B88E35100FA64BF /* Release */,
			);
			defaultConfigurationIsVisible = 0;
			defaultConfigurationName = Release;
		};
/* End XCConfigurationList section */
	};
	rootObject = 954B4BA22B88E34F00FA64BF /* Project object */;
}
